
Microsoft Visual Studio Solution File, Format Version 12.00
# Visual Studio Version 17
VisualStudioVersion = 17.6.33723.286
MinimumVisualStudioVersion = 10.0.40219.1
Project("{FAE04EC0-301F-11D3-BF4B-00C04F79EFBC}") = "Laboratorio1", "Laboratorio1\Laboratorio1.csproj", "{56C80966-5554-46BC-A96E-2D0F0239A855}"
EndProject
Global
	GlobalSection(SolutionConfigurationPlatforms) = preSolution
		Debug|Any CPU = Debug|Any CPU
		Release|Any CPU = Release|Any CPU
	EndGlobalSection
	GlobalSection(ProjectConfigurationPlatforms) = postSolution
		{56C80966-5554-46BC-A96E-2D0F0239A855}.Debug|Any CPU.ActiveCfg = Debug|Any CPU
		{56C80966-5554-46BC-A96E-2D0F0239A855}.Debug|Any CPU.Build.0 = Debug|Any CPU
		{56C80966-5554-46BC-A96E-2D0F0239A855}.Release|Any CPU.ActiveCfg = Release|Any CPU
		{56C80966-5554-46BC-A96E-2D0F0239A855}.Release|Any CPU.Build.0 = Release|Any CPU
	EndGlobalSection
	GlobalSection(SolutionProperties) = preSolution
		HideSolutionNode = FALSE
	EndGlobalSection
	GlobalSection(ExtensibilityGlobals) = postSolution
		SolutionGuid = {EF7D243F-5755-480B-821B-8295BD66EDC9}
	EndGlobalSection
EndGlobal
